
Microsoft Visual Studio Solution File, Format Version 12.00
# Visual Studio 15
VisualStudioVersion = 15.0.27703.2035
MinimumVisualStudioVersion = 10.0.40219.1
Project("{FAE04EC0-301F-11D3-BF4B-00C04F79EFBC}") = "td8", "td8\td8.csproj", "{BD8A6413-CEFE-4A0D-BE71-7A0B9EBB6859}"
EndProject
Global
	GlobalSection(SolutionConfigurationPlatforms) = preSolution
		Debug|Any CPU = Debug|Any CPU
		Release|Any CPU = Release|Any CPU
	EndGlobalSection
	GlobalSection(ProjectConfigurationPlatforms) = postSolution
		{BD8A6413-CEFE-4A0D-BE71-7A0B9EBB6859}.Debug|Any CPU.ActiveCfg = Debug|Any CPU
		{BD8A6413-CEFE-4A0D-BE71-7A0B9EBB6859}.Debug|Any CPU.Build.0 = Debug|Any CPU
		{BD8A6413-CEFE-4A0D-BE71-7A0B9EBB6859}.Release|Any CPU.ActiveCfg = Release|Any CPU
		{BD8A6413-CEFE-4A0D-BE71-7A0B9EBB6859}.Release|Any CPU.Build.0 = Release|Any CPU
	EndGlobalSection
	GlobalSection(SolutionProperties) = preSolution
		HideSolutionNode = FALSE
	EndGlobalSection
	GlobalSection(ExtensibilityGlobals) = postSolution
		SolutionGuid = {0CD6BC2D-AA1A-4689-80CC-ECB7224BCAB1}
	EndGlobalSection
EndGlobal
